
Microsoft Visual Studio Solution File, Format Version 12.00
# Visual Studio Version 16
VisualStudioVersion = 16.0.32413.511
MinimumVisualStudioVersion = 10.0.40219.1
Project("{FAE04EC0-301F-11D3-BF4B-00C04F79EFBC}") = "Tema04B", "Tema04B\Tema04B.csproj", "{EEE6999A-E7AC-46C8-B30A-019124161122}"
EndProject
Global
	GlobalSection(SolutionConfigurationPlatforms) = preSolution
		Debug|Any CPU = Debug|Any CPU
		Release|Any CPU = Release|Any CPU
	EndGlobalSection
	GlobalSection(ProjectConfigurationPlatforms) = postSolution
		{EEE6999A-E7AC-46C8-B30A-019124161122}.Debug|Any CPU.ActiveCfg = Debug|Any CPU
		{EEE6999A-E7AC-46C8-B30A-019124161122}.Debug|Any CPU.Build.0 = Debug|Any CPU
		{EEE6999A-E7AC-46C8-B30A-019124161122}.Release|Any CPU.ActiveCfg = Release|Any CPU
		{EEE6999A-E7AC-46C8-B30A-019124161122}.Release|Any CPU.Build.0 = Release|Any CPU
	EndGlobalSection
	GlobalSection(SolutionProperties) = preSolution
		HideSolutionNode = FALSE
	EndGlobalSection
	GlobalSection(ExtensibilityGlobals) = postSolution
		SolutionGuid = {1A1062AA-0221-45A9-BD93-FC5E90EBA303}
	EndGlobalSection
EndGlobal
